
Microsoft Visual Studio Solution File, Format Version 12.00
# Visual Studio Version 17
VisualStudioVersion = 17.5.33424.131
MinimumVisualStudioVersion = 10.0.40219.1
Project("{FAE04EC0-301F-11D3-BF4B-00C04F79EFBC}") = "Samiha", "Samiha\Samiha.csproj", "{51163FA6-2D8B-47BE-B5CD-D1E6A2215599}"
EndProject
Global
	GlobalSection(SolutionConfigurationPlatforms) = preSolution
		Debug|Any CPU = Debug|Any CPU
		Release|Any CPU = Release|Any CPU
	EndGlobalSection
	GlobalSection(ProjectConfigurationPlatforms) = postSolution
		{51163FA6-2D8B-47BE-B5CD-D1E6A2215599}.Debug|Any CPU.ActiveCfg = Debug|Any CPU
		{51163FA6-2D8B-47BE-B5CD-D1E6A2215599}.Debug|Any CPU.Build.0 = Debug|Any CPU
		{51163FA6-2D8B-47BE-B5CD-D1E6A2215599}.Release|Any CPU.ActiveCfg = Release|Any CPU
		{51163FA6-2D8B-47BE-B5CD-D1E6A2215599}.Release|Any CPU.Build.0 = Release|Any CPU
	EndGlobalSection
	GlobalSection(SolutionProperties) = preSolution
		HideSolutionNode = FALSE
	EndGlobalSection
	GlobalSection(ExtensibilityGlobals) = postSolution
		SolutionGuid = {5FBC9A9D-6CBD-444C-8217-E8093F34661C}
	EndGlobalSection
EndGlobal
